// !$*UTF8*$!
{
	archiveVersion = 1;
	classes = {
	};
	objectVersion = 46;
	objects = {

/* Begin PBXBuildFile section */
		0206389D1AF3F16A008F2BFD /* iAd.framework in Frameworks */ = {isa = PBXBuildFile; fileRef = 0206389C1AF3F16A008F2BFD /* iAd.framework */; };
		020638A11AF3F2E1008F2BFD /* Amazon.lua in Resources */ = {isa = PBXBuildFile; fileRef = 020638A01AF3F2E1008F2BFD /* Amazon.lua */; };
		020638A21AF3F451008F2BFD /* Amazon.lua in CopyFiles */ = {isa = PBXBuildFile; fileRef = 020638A01AF3F2E1008F2BFD /* Amazon.lua */; };
		020638A31AF3F456008F2BFD /* Amazon.lua in CopyFiles */ = {isa = PBXBuildFile; fileRef = 020638A01AF3F2E1008F2BFD /* Amazon.lua */; };
		0217E5A21AF1968C006124A1 /* AppDotNet.lua in Resources */ = {isa = PBXBuildFile; fileRef = 0217E5A11AF1968C006124A1 /* AppDotNet.lua */; };
		0217E5A81AF1A5AB006124A1 /* Images.xcassets in Sources */ = {isa = PBXBuildFile; fileRef = 0243A7101AF0574B0080EEA2 /* Images.xcassets */; };
		0217E5A91AF1A868006124A1 /* AppDotNet.lua in CopyFiles */ = {isa = PBXBuildFile; fileRef = 0217E5A11AF1968C006124A1 /* AppDotNet.lua */; };
		0217E5AA1AF1A86D006124A1 /* AppDotNet.lua in CopyFiles */ = {isa = PBXBuildFile; fileRef = 0217E5A11AF1968C006124A1 /* AppDotNet.lua */; };
		0243A7061AF0574B0080EEA2 /* main.m in Sources */ = {isa = PBXBuildFile; fileRef = 0243A7051AF0574B0080EEA2 /* main.m */; };
		0243A7091AF0574B0080EEA2 /* AppDelegate.m in Sources */ = {isa = PBXBuildFile; fileRef = 0243A7081AF0574B0080EEA2 /* AppDelegate.m */; };
		0243A7111AF0574B0080EEA2 /* Images.xcassets in Resources */ = {isa = PBXBuildFile; fileRef = 0243A7101AF0574B0080EEA2 /* Images.xcassets */; };
		0243A7141AF0574B0080EEA2 /* LaunchScreen.xib in Resources */ = {isa = PBXBuildFile; fileRef = 0243A7121AF0574B0080EEA2 /* LaunchScreen.xib */; };
		0243A7201AF0574B0080EEA2 /* OpenInAppTests.m in Sources */ = {isa = PBXBuildFile; fileRef = 0243A71F1AF0574B0080EEA2 /* OpenInAppTests.m */; };
		0243A7471AF057B80080EEA2 /* ActionViewController.m in Sources */ = {isa = PBXBuildFile; fileRef = 0243A7461AF057B80080EEA2 /* ActionViewController.m */; };
		0243A7491AF057B80080EEA2 /* MainInterface.storyboard in Resources */ = {isa = PBXBuildFile; fileRef = 0243A7481AF057B80080EEA2 /* MainInterface.storyboard */; };
		0243A74C1AF057B80080EEA2 /* OpenInAppActionExtension.appex in Embed App Extensions */ = {isa = PBXBuildFile; fileRef = 0243A7411AF057B80080EEA2 /* OpenInAppActionExtension.appex */; settings = {ATTRIBUTES = (RemoveHeadersOnCopy, ); }; };
		0243A7B41AF05B800080EEA2 /* OIALuaBinding.m in Sources */ = {isa = PBXBuildFile; fileRef = 0243A7B31AF05B800080EEA2 /* OIALuaBinding.m */; };
		0243A7F21AF05B8C0080EEA2 /* lapi.c in Sources */ = {isa = PBXBuildFile; fileRef = 0243A7B61AF05B8C0080EEA2 /* lapi.c */; };
		0243A7F31AF05B8C0080EEA2 /* lauxlib.c in Sources */ = {isa = PBXBuildFile; fileRef = 0243A7B81AF05B8C0080EEA2 /* lauxlib.c */; };
		0243A7F41AF05B8C0080EEA2 /* lbaselib.c in Sources */ = {isa = PBXBuildFile; fileRef = 0243A7BA1AF05B8C0080EEA2 /* lbaselib.c */; };
		0243A7F51AF05B8C0080EEA2 /* lbitlib.c in Sources */ = {isa = PBXBuildFile; fileRef = 0243A7BB1AF05B8C0080EEA2 /* lbitlib.c */; };
		0243A7F61AF05B8C0080EEA2 /* lcode.c in Sources */ = {isa = PBXBuildFile; fileRef = 0243A7BC1AF05B8C0080EEA2 /* lcode.c */; };
		0243A7F71AF05B8C0080EEA2 /* lcorolib.c in Sources */ = {isa = PBXBuildFile; fileRef = 0243A7BE1AF05B8C0080EEA2 /* lcorolib.c */; };
		0243A7F81AF05B8C0080EEA2 /* lctype.c in Sources */ = {isa = PBXBuildFile; fileRef = 0243A7BF1AF05B8C0080EEA2 /* lctype.c */; };
		0243A7F91AF05B8C0080EEA2 /* ldblib.c in Sources */ = {isa = PBXBuildFile; fileRef = 0243A7C11AF05B8C0080EEA2 /* ldblib.c */; };
		0243A7FA1AF05B8C0080EEA2 /* ldebug.c in Sources */ = {isa = PBXBuildFile; fileRef = 0243A7C21AF05B8C0080EEA2 /* ldebug.c */; };
		0243A7FB1AF05B8C0080EEA2 /* ldo.c in Sources */ = {isa = PBXBuildFile; fileRef = 0243A7C41AF05B8C0080EEA2 /* ldo.c */; };
		0243A7FC1AF05B8C0080EEA2 /* ldump.c in Sources */ = {isa = PBXBuildFile; fileRef = 0243A7C61AF05B8C0080EEA2 /* ldump.c */; };
		0243A7FE1AF05B8C0080EEA2 /* lfunc.c in Sources */ = {isa = PBXBuildFile; fileRef = 0243A7C91AF05B8C0080EEA2 /* lfunc.c */; };
		0243A7FF1AF05B8C0080EEA2 /* lgc.c in Sources */ = {isa = PBXBuildFile; fileRef = 0243A7CB1AF05B8C0080EEA2 /* lgc.c */; };
		0243A8001AF05B8C0080EEA2 /* linit.c in Sources */ = {isa = PBXBuildFile; fileRef = 0243A7CD1AF05B8C0080EEA2 /* linit.c */; };
		0243A8021AF05B8C0080EEA2 /* llex.c in Sources */ = {isa = PBXBuildFile; fileRef = 0243A7CF1AF05B8C0080EEA2 /* llex.c */; };
		0243A8031AF05B8C0080EEA2 /* lmathlib.c in Sources */ = {isa = PBXBuildFile; fileRef = 0243A7D21AF05B8C0080EEA2 /* lmathlib.c */; };
		0243A8041AF05B8C0080EEA2 /* lmem.c in Sources */ = {isa = PBXBuildFile; fileRef = 0243A7D31AF05B8C0080EEA2 /* lmem.c */; };
		0243A8051AF05B8C0080EEA2 /* loadlib.c in Sources */ = {isa = PBXBuildFile; fileRef = 0243A7D51AF05B8C0080EEA2 /* loadlib.c */; };
		0243A8061AF05B8C0080EEA2 /* lobject.c in Sources */ = {isa = PBXBuildFile; fileRef = 0243A7D61AF05B8C0080EEA2 /* lobject.c */; };
		0243A8071AF05B8C0080EEA2 /* lopcodes.c in Sources */ = {isa = PBXBuildFile; fileRef = 0243A7D81AF05B8C0080EEA2 /* lopcodes.c */; };
		0243A8081AF05B8C0080EEA2 /* loslib.c in Sources */ = {isa = PBXBuildFile; fileRef = 0243A7DA1AF05B8C0080EEA2 /* loslib.c */; };
		0243A8091AF05B8C0080EEA2 /* lparser.c in Sources */ = {isa = PBXBuildFile; fileRef = 0243A7DB1AF05B8C0080EEA2 /* lparser.c */; };
		0243A80A1AF05B8C0080EEA2 /* lstate.c in Sources */ = {isa = PBXBuildFile; fileRef = 0243A7DD1AF05B8C0080EEA2 /* lstate.c */; };
		0243A80B1AF05B8C0080EEA2 /* lstring.c in Sources */ = {isa = PBXBuildFile; fileRef = 0243A7DF1AF05B8C0080EEA2 /* lstring.c */; };
		0243A80C1AF05B8C0080EEA2 /* lstrlib.c in Sources */ = {isa = PBXBuildFile; fileRef = 0243A7E11AF05B8C0080EEA2 /* lstrlib.c */; };
		0243A80D1AF05B8C0080EEA2 /* ltable.c in Sources */ = {isa = PBXBuildFile; fileRef = 0243A7E21AF05B8C0080EEA2 /* ltable.c */; };
		0243A80E1AF05B8C0080EEA2 /* ltablib.c in Sources */ = {isa = PBXBuildFile; fileRef = 0243A7E41AF05B8C0080EEA2 /* ltablib.c */; };
		0243A80F1AF05B8C0080EEA2 /* ltm.c in Sources */ = {isa = PBXBuildFile; fileRef = 0243A7E51AF05B8C0080EEA2 /* ltm.c */; };
		0243A8101AF05B8C0080EEA2 /* lundump.c in Sources */ = {isa = PBXBuildFile; fileRef = 0243A7EB1AF05B8C0080EEA2 /* lundump.c */; };
		0243A8111AF05B8C0080EEA2 /* lvm.c in Sources */ = {isa = PBXBuildFile; fileRef = 0243A7ED1AF05B8C0080EEA2 /* lvm.c */; };
		0243A8121AF05B8C0080EEA2 /* lzio.c in Sources */ = {isa = PBXBuildFile; fileRef = 0243A7EF1AF05B8C0080EEA2 /* lzio.c */; };
		0243A8161AF05C0F0080EEA2 /* OIAScripts.m in Sources */ = {isa = PBXBuildFile; fileRef = 0243A8151AF05C0F0080EEA2 /* OIAScripts.m */; };
		02848DE51B2766DE0093E26C /* OIAAppTableViewCell.m in Sources */ = {isa = PBXBuildFile; fileRef = 02848DE41B2766DE0093E26C /* OIAAppTableViewCell.m */; };
		02848DEA1B276E910093E26C /* DownwardSwipeSegueButLonger.swift in Sources */ = {isa = PBXBuildFile; fileRef = 02848DE91B276E910093E26C /* DownwardSwipeSegueButLonger.swift */; };
		02A3B1DA1AF143400014956B /* Browser Changer.lua in CopyFiles */ = {isa = PBXBuildFile; fileRef = 02A3B1BD1AF1430A0014956B /* Browser Changer.lua */; };
		02A3B1DB1AF143400014956B /* Cydia.lua in CopyFiles */ = {isa = PBXBuildFile; fileRef = 02A3B1BE1AF1430A0014956B /* Cydia.lua */; };
		02A3B1DC1AF143400014956B /* Ebay.lua in CopyFiles */ = {isa = PBXBuildFile; fileRef = 02A3B1BF1AF1430A0014956B /* Ebay.lua */; };
		02A3B1DD1AF143400014956B /* Foap.lua in CopyFiles */ = {isa = PBXBuildFile; fileRef = 02A3B1C01AF1430A0014956B /* Foap.lua */; };
		02A3B1DE1AF143400014956B /* GitHub.lua in CopyFiles */ = {isa = PBXBuildFile; fileRef = 02A3B1C11AF1430A0014956B /* GitHub.lua */; };
		02A3B1DF1AF143400014956B /* IMDB.lua in CopyFiles */ = {isa = PBXBuildFile; fileRef = 02A3B1C21AF1430A0014956B /* IMDB.lua */; };
		02A3B1E01AF143400014956B /* Instagram.lua in CopyFiles */ = {isa = PBXBuildFile; fileRef = 02A3B1C31AF1430A0014956B /* Instagram.lua */; };
		02A3B1E11AF143400014956B /* Mailto 2 Gmail.lua in CopyFiles */ = {isa = PBXBuildFile; fileRef = 02A3B1C41AF1430A0014956B /* Mailto 2 Gmail.lua */; };
		02A3B1E21AF143400014956B /* main.lua in CopyFiles */ = {isa = PBXBuildFile; fileRef = 02A3B1C51AF1430A0014956B /* main.lua */; };
		02A3B1E31AF143400014956B /* MapsChanger.lua in CopyFiles */ = {isa = PBXBuildFile; fileRef = 02A3B1C61AF1430A0014956B /* MapsChanger.lua */; };
		02A3B1E41AF143400014956B /* Tweetbot.lua in CopyFiles */ = {isa = PBXBuildFile; fileRef = 02A3B1C71AF1430A0014956B /* Tweetbot.lua */; };
		02A3B1E51AF143400014956B /* Twitter.lua in CopyFiles */ = {isa = PBXBuildFile; fileRef = 02A3B1C81AF1430A0014956B /* Twitter.lua */; };
		02A3B1E61AF143400014956B /* Twitterrific.lua in CopyFiles */ = {isa = PBXBuildFile; fileRef = 02A3B1C91AF1430A0014956B /* Twitterrific.lua */; };
		02A3B1E71AF143400014956B /* Vine.lua in CopyFiles */ = {isa = PBXBuildFile; fileRef = 02A3B1CA1AF1430A0014956B /* Vine.lua */; };
		02A3B1E91AF143650014956B /* Browser Changer.lua in CopyFiles */ = {isa = PBXBuildFile; fileRef = 02A3B1BD1AF1430A0014956B /* Browser Changer.lua */; };
		02A3B1EA1AF143650014956B /* Cydia.lua in CopyFiles */ = {isa = PBXBuildFile; fileRef = 02A3B1BE1AF1430A0014956B /* Cydia.lua */; };
		02A3B1EB1AF143650014956B /* Ebay.lua in CopyFiles */ = {isa = PBXBuildFile; fileRef = 02A3B1BF1AF1430A0014956B /* Ebay.lua */; };
		02A3B1EC1AF143650014956B /* Foap.lua in CopyFiles */ = {isa = PBXBuildFile; fileRef = 02A3B1C01AF1430A0014956B /* Foap.lua */; };
		02A3B1ED1AF143650014956B /* GitHub.lua in CopyFiles */ = {isa = PBXBuildFile; fileRef = 02A3B1C11AF1430A0014956B /* GitHub.lua */; };
		02A3B1EE1AF143650014956B /* IMDB.lua in CopyFiles */ = {isa = PBXBuildFile; fileRef = 02A3B1C21AF1430A0014956B /* IMDB.lua */; };
		02A3B1EF1AF143650014956B /* Instagram.lua in CopyFiles */ = {isa = PBXBuildFile; fileRef = 02A3B1C31AF1430A0014956B /* Instagram.lua */; };
		02A3B1F01AF143650014956B /* Mailto 2 Gmail.lua in CopyFiles */ = {isa = PBXBuildFile; fileRef = 02A3B1C41AF1430A0014956B /* Mailto 2 Gmail.lua */; };
		02A3B1F11AF143650014956B /* main.lua in CopyFiles */ = {isa = PBXBuildFile; fileRef = 02A3B1C51AF1430A0014956B /* main.lua */; };
		02A3B1F21AF143650014956B /* MapsChanger.lua in CopyFiles */ = {isa = PBXBuildFile; fileRef = 02A3B1C61AF1430A0014956B /* MapsChanger.lua */; };
		02A3B1F31AF143650014956B /* Tweetbot.lua in CopyFiles */ = {isa = PBXBuildFile; fileRef = 02A3B1C71AF1430A0014956B /* Tweetbot.lua */; };
		02A3B1F41AF143650014956B /* Twitter.lua in CopyFiles */ = {isa = PBXBuildFile; fileRef = 02A3B1C81AF1430A0014956B /* Twitter.lua */; };
		02A3B1F51AF143650014956B /* Twitterrific.lua in CopyFiles */ = {isa = PBXBuildFile; fileRef = 02A3B1C91AF1430A0014956B /* Twitterrific.lua */; };
		02A3B1F61AF143650014956B /* Vine.lua in CopyFiles */ = {isa = PBXBuildFile; fileRef = 02A3B1CA1AF1430A0014956B /* Vine.lua */; };
		02A3B1F71AF1443C0014956B /* OIAScripts.m in Sources */ = {isa = PBXBuildFile; fileRef = 0243A8151AF05C0F0080EEA2 /* OIAScripts.m */; };
		02A3B1F81AF1443C0014956B /* OIALuaBinding.m in Sources */ = {isa = PBXBuildFile; fileRef = 0243A7B31AF05B800080EEA2 /* OIALuaBinding.m */; };
		02A3B1F91AF1444C0014956B /* lapi.c in Sources */ = {isa = PBXBuildFile; fileRef = 0243A7B61AF05B8C0080EEA2 /* lapi.c */; };
		02A3B1FB1AF1444C0014956B /* lauxlib.c in Sources */ = {isa = PBXBuildFile; fileRef = 0243A7B81AF05B8C0080EEA2 /* lauxlib.c */; };
		02A3B1FD1AF1444C0014956B /* lbaselib.c in Sources */ = {isa = PBXBuildFile; fileRef = 0243A7BA1AF05B8C0080EEA2 /* lbaselib.c */; };
		02A3B1FE1AF1444C0014956B /* lbitlib.c in Sources */ = {isa = PBXBuildFile; fileRef = 0243A7BB1AF05B8C0080EEA2 /* lbitlib.c */; };
		02A3B1FF1AF1444C0014956B /* lcode.c in Sources */ = {isa = PBXBuildFile; fileRef = 0243A7BC1AF05B8C0080EEA2 /* lcode.c */; };
		02A3B2011AF1444C0014956B /* lcorolib.c in Sources */ = {isa = PBXBuildFile; fileRef = 0243A7BE1AF05B8C0080EEA2 /* lcorolib.c */; };
		02A3B2021AF1444C0014956B /* lctype.c in Sources */ = {isa = PBXBuildFile; fileRef = 0243A7BF1AF05B8C0080EEA2 /* lctype.c */; };
		02A3B2041AF1444C0014956B /* ldblib.c in Sources */ = {isa = PBXBuildFile; fileRef = 0243A7C11AF05B8C0080EEA2 /* ldblib.c */; };
		02A3B2051AF1444C0014956B /* ldebug.c in Sources */ = {isa = PBXBuildFile; fileRef = 0243A7C21AF05B8C0080EEA2 /* ldebug.c */; };
		02A3B2071AF1444C0014956B /* ldo.c in Sources */ = {isa = PBXBuildFile; fileRef = 0243A7C41AF05B8C0080EEA2 /* ldo.c */; };
		02A3B2091AF1444C0014956B /* ldump.c in Sources */ = {isa = PBXBuildFile; fileRef = 0243A7C61AF05B8C0080EEA2 /* ldump.c */; };
		02A3B20C1AF1444C0014956B /* lfunc.c in Sources */ = {isa = PBXBuildFile; fileRef = 0243A7C91AF05B8C0080EEA2 /* lfunc.c */; };
		02A3B20E1AF1444C0014956B /* lgc.c in Sources */ = {isa = PBXBuildFile; fileRef = 0243A7CB1AF05B8C0080EEA2 /* lgc.c */; };
		02A3B2101AF1444C0014956B /* linit.c in Sources */ = {isa = PBXBuildFile; fileRef = 0243A7CD1AF05B8C0080EEA2 /* linit.c */; };
		02A3B2121AF1444C0014956B /* llex.c in Sources */ = {isa = PBXBuildFile; fileRef = 0243A7CF1AF05B8C0080EEA2 /* llex.c */; };
		02A3B2151AF1444C0014956B /* lmathlib.c in Sources */ = {isa = PBXBuildFile; fileRef = 0243A7D21AF05B8C0080EEA2 /* lmathlib.c */; };
		02A3B2161AF1444C0014956B /* lmem.c in Sources */ = {isa = PBXBuildFile; fileRef = 0243A7D31AF05B8C0080EEA2 /* lmem.c */; };
		02A3B2181AF1444C0014956B /* loadlib.c in Sources */ = {isa = PBXBuildFile; fileRef = 0243A7D51AF05B8C0080EEA2 /* loadlib.c */; };
		02A3B2191AF1444C0014956B /* lobject.c in Sources */ = {isa = PBXBuildFile; fileRef = 0243A7D61AF05B8C0080EEA2 /* lobject.c */; };
		02A3B21B1AF1444C0014956B /* lopcodes.c in Sources */ = {isa = PBXBuildFile; fileRef = 0243A7D81AF05B8C0080EEA2 /* lopcodes.c */; };
		02A3B21D1AF1444C0014956B /* loslib.c in Sources */ = {isa = PBXBuildFile; fileRef = 0243A7DA1AF05B8C0080EEA2 /* loslib.c */; };
		02A3B21E1AF1444C0014956B /* lparser.c in Sources */ = {isa = PBXBuildFile; fileRef = 0243A7DB1AF05B8C0080EEA2 /* lparser.c */; };
		02A3B2201AF1444C0014956B /* lstate.c in Sources */ = {isa = PBXBuildFile; fileRef = 0243A7DD1AF05B8C0080EEA2 /* lstate.c */; };
		02A3B2221AF1444C0014956B /* lstring.c in Sources */ = {isa = PBXBuildFile; fileRef = 0243A7DF1AF05B8C0080EEA2 /* lstring.c */; };
		02A3B2241AF1444C0014956B /* lstrlib.c in Sources */ = {isa = PBXBuildFile; fileRef = 0243A7E11AF05B8C0080EEA2 /* lstrlib.c */; };
		02A3B2251AF1444C0014956B /* ltable.c in Sources */ = {isa = PBXBuildFile; fileRef = 0243A7E21AF05B8C0080EEA2 /* ltable.c */; };
		02A3B2271AF1444C0014956B /* ltablib.c in Sources */ = {isa = PBXBuildFile; fileRef = 0243A7E41AF05B8C0080EEA2 /* ltablib.c */; };
		02A3B2281AF1444C0014956B /* ltm.c in Sources */ = {isa = PBXBuildFile; fileRef = 0243A7E51AF05B8C0080EEA2 /* ltm.c */; };
		02A3B22E1AF1444C0014956B /* lundump.c in Sources */ = {isa = PBXBuildFile; fileRef = 0243A7EB1AF05B8C0080EEA2 /* lundump.c */; };
		02A3B2301AF1444C0014956B /* lvm.c in Sources */ = {isa = PBXBuildFile; fileRef = 0243A7ED1AF05B8C0080EEA2 /* lvm.c */; };
		02A3B2321AF1444C0014956B /* lzio.c in Sources */ = {isa = PBXBuildFile; fileRef = 0243A7EF1AF05B8C0080EEA2 /* lzio.c */; };
		02A3B2361AF14E590014956B /* OIAURLChecker.m in Sources */ = {isa = PBXBuildFile; fileRef = 02A3B2351AF14E590014956B /* OIAURLChecker.m */; };
		02A3B2371AF14F690014956B /* OIAURLChecker.m in Sources */ = {isa = PBXBuildFile; fileRef = 02A3B2351AF14E590014956B /* OIAURLChecker.m */; };
		02A3B23A1AF150E40014956B /* MBProgressHUD.m in Sources */ = {isa = PBXBuildFile; fileRef = 02A3B2391AF150E40014956B /* MBProgressHUD.m */; };
		02A3B23B1AF150EE0014956B /* MBProgressHUD.m in Sources */ = {isa = PBXBuildFile; fileRef = 02A3B2391AF150E40014956B /* MBProgressHUD.m */; };
		02AE6B5D1B2675B70003D250 /* IntroViewController.swift in Sources */ = {isa = PBXBuildFile; fileRef = 02AE6B5B1B2675B70003D250 /* IntroViewController.swift */; };
		02AE6B641B2675CC0003D250 /* CRGradientNavigationBar.m in Sources */ = {isa = PBXBuildFile; fileRef = 02AE6B601B2675CC0003D250 /* CRGradientNavigationBar.m */; };
		02AE6B651B2675CC0003D250 /* DownwardSwipeSegue.swift in Sources */ = {isa = PBXBuildFile; fileRef = 02AE6B611B2675CC0003D250 /* DownwardSwipeSegue.swift */; };
		02AE6B661B2675CC0003D250 /* GradientView.swift in Sources */ = {isa = PBXBuildFile; fileRef = 02AE6B621B2675CC0003D250 /* GradientView.swift */; };
		02AE6B671B2675CC0003D250 /* HolderViewController.swift in Sources */ = {isa = PBXBuildFile; fileRef = 02AE6B631B2675CC0003D250 /* HolderViewController.swift */; };
		02B1E8221B27CDC50064BD43 /* MainViewController.swift in Sources */ = {isa = PBXBuildFile; fileRef = 02B1E8211B27CDC50064BD43 /* MainViewController.swift */; };
		02C81B8B1B27FD8F00C8433A /* AddViewController.swift in Sources */ = {isa = PBXBuildFile; fileRef = 02C81B8A1B27FD8F00C8433A /* AddViewController.swift */; };
		02F6E52E1B267F2B0023AC22 /* 0.xib in Resources */ = {isa = PBXBuildFile; fileRef = 02F6E5261B267F2B0023AC22 /* 0.xib */; };
		02F6E52F1B267F2B0023AC22 /* 1.xib in Resources */ = {isa = PBXBuildFile; fileRef = 02F6E5281B267F2B0023AC22 /* 1.xib */; };
		02F6E5301B267F2B0023AC22 /* 2.xib in Resources */ = {isa = PBXBuildFile; fileRef = 02F6E52A1B267F2B0023AC22 /* 2.xib */; };
		02F6E5311B267F2B0023AC22 /* 3.xib in Resources */ = {isa = PBXBuildFile; fileRef = 02F6E52C1B267F2B0023AC22 /* 3.xib */; };
		02F6E5341B267F6B0023AC22 /* Main.storyboard in Resources */ = {isa = PBXBuildFile; fileRef = 02F6E5321B267F6B0023AC22 /* Main.storyboard */; };
/* End PBXBuildFile section */

/* Begin PBXContainerItemProxy section */
		0243A71A1AF0574B0080EEA2 /* PBXContainerItemProxy */ = {
			isa = PBXContainerItemProxy;
			containerPortal = 0243A6F81AF0574B0080EEA2 /* Project object */;
			proxyType = 1;
			remoteGlobalIDString = 0243A6FF1AF0574B0080EEA2;
			remoteInfo = OpenInApp;
		};
		0243A74A1AF057B80080EEA2 /* PBXContainerItemProxy */ = {
			isa = PBXContainerItemProxy;
			containerPortal = 0243A6F81AF0574B0080EEA2 /* Project object */;
			proxyType = 1;
			remoteGlobalIDString = 0243A7401AF057B80080EEA2;
			remoteInfo = OpenInAppActionExtension;
		};
/* End PBXContainerItemProxy section */

/* Begin PBXCopyFilesBuildPhase section */
		0243A73C1AF057950080EEA2 /* Embed App Extensions */ = {
			isa = PBXCopyFilesBuildPhase;
			buildActionMask = 2147483647;
			dstPath = "";
			dstSubfolderSpec = 13;
			files = (
				0243A74C1AF057B80080EEA2 /* OpenInAppActionExtension.appex in Embed App Extensions */,
			);
			name = "Embed App Extensions";
			runOnlyForDeploymentPostprocessing = 0;
		};
		02A3B1D91AF143350014956B /* CopyFiles */ = {
			isa = PBXCopyFilesBuildPhase;
			buildActionMask = 2147483647;
			dstPath = scripts;
			dstSubfolderSpec = 7;
			files = (
				020638A31AF3F456008F2BFD /* Amazon.lua in CopyFiles */,
				0217E5A91AF1A868006124A1 /* AppDotNet.lua in CopyFiles */,
				02A3B1DA1AF143400014956B /* Browser Changer.lua in CopyFiles */,
				02A3B1DB1AF143400014956B /* Cydia.lua in CopyFiles */,
				02A3B1DC1AF143400014956B /* Ebay.lua in CopyFiles */,
				02A3B1DD1AF143400014956B /* Foap.lua in CopyFiles */,
				02A3B1DE1AF143400014956B /* GitHub.lua in CopyFiles */,
				02A3B1DF1AF143400014956B /* IMDB.lua in CopyFiles */,
				02A3B1E01AF143400014956B /* Instagram.lua in CopyFiles */,
				02A3B1E11AF143400014956B /* Mailto 2 Gmail.lua in CopyFiles */,
				02A3B1E21AF143400014956B /* main.lua in CopyFiles */,
				02A3B1E31AF143400014956B /* MapsChanger.lua in CopyFiles */,
				02A3B1E41AF143400014956B /* Tweetbot.lua in CopyFiles */,
				02A3B1E51AF143400014956B /* Twitter.lua in CopyFiles */,
				02A3B1E61AF143400014956B /* Twitterrific.lua in CopyFiles */,
				02A3B1E71AF143400014956B /* Vine.lua in CopyFiles */,
			);
			runOnlyForDeploymentPostprocessing = 0;
		};
		02A3B1E81AF143540014956B /* CopyFiles */ = {
			isa = PBXCopyFilesBuildPhase;
			buildActionMask = 2147483647;
			dstPath = scripts;
			dstSubfolderSpec = 7;
			files = (
				020638A21AF3F451008F2BFD /* Amazon.lua in CopyFiles */,
				0217E5AA1AF1A86D006124A1 /* AppDotNet.lua in CopyFiles */,
				02A3B1E91AF143650014956B /* Browser Changer.lua in CopyFiles */,
				02A3B1EA1AF143650014956B /* Cydia.lua in CopyFiles */,
				02A3B1EB1AF143650014956B /* Ebay.lua in CopyFiles */,
				02A3B1EC1AF143650014956B /* Foap.lua in CopyFiles */,
				02A3B1ED1AF143650014956B /* GitHub.lua in CopyFiles */,
				02A3B1EE1AF143650014956B /* IMDB.lua in CopyFiles */,
				02A3B1EF1AF143650014956B /* Instagram.lua in CopyFiles */,
				02A3B1F01AF143650014956B /* Mailto 2 Gmail.lua in CopyFiles */,
				02A3B1F11AF143650014956B /* main.lua in CopyFiles */,
				02A3B1F21AF143650014956B /* MapsChanger.lua in CopyFiles */,
				02A3B1F31AF143650014956B /* Tweetbot.lua in CopyFiles */,
				02A3B1F41AF143650014956B /* Twitter.lua in CopyFiles */,
				02A3B1F51AF143650014956B /* Twitterrific.lua in CopyFiles */,
				02A3B1F61AF143650014956B /* Vine.lua in CopyFiles */,
			);
			runOnlyForDeploymentPostprocessing = 0;
		};
/* End PBXCopyFilesBuildPhase section */

/* Begin PBXFileReference section */
		0206389C1AF3F16A008F2BFD /* iAd.framework */ = {isa = PBXFileReference; lastKnownFileType = wrapper.framework; name = iAd.framework; path = System/Library/Frameworks/iAd.framework; sourceTree = SDKROOT; };
		020638A01AF3F2E1008F2BFD /* Amazon.lua */ = {isa = PBXFileReference; fileEncoding = 4; lastKnownFileType = text; name = Amazon.lua; path = scripts/Amazon.lua; sourceTree = "<group>"; };
		0217E5A11AF1968C006124A1 /* AppDotNet.lua */ = {isa = PBXFileReference; fileEncoding = 4; lastKnownFileType = text; name = AppDotNet.lua; path = scripts/AppDotNet.lua; sourceTree = "<group>"; };
		0243A7001AF0574B0080EEA2 /* OpenInApp.app */ = {isa = PBXFileReference; explicitFileType = wrapper.application; includeInIndex = 0; path = OpenInApp.app; sourceTree = BUILT_PRODUCTS_DIR; };
		0243A7041AF0574B0080EEA2 /* Info.plist */ = {isa = PBXFileReference; lastKnownFileType = text.plist.xml; path = Info.plist; sourceTree = "<group>"; };
		0243A7051AF0574B0080EEA2 /* main.m */ = {isa = PBXFileReference; lastKnownFileType = sourcecode.c.objc; path = main.m; sourceTree = "<group>"; };
		0243A7071AF0574B0080EEA2 /* AppDelegate.h */ = {isa = PBXFileReference; lastKnownFileType = sourcecode.c.h; path = AppDelegate.h; sourceTree = "<group>"; };
		0243A7081AF0574B0080EEA2 /* AppDelegate.m */ = {isa = PBXFileReference; lastKnownFileType = sourcecode.c.objc; path = AppDelegate.m; sourceTree = "<group>"; };
		0243A7101AF0574B0080EEA2 /* Images.xcassets */ = {isa = PBXFileReference; lastKnownFileType = folder.assetcatalog; path = Images.xcassets; sourceTree = "<group>"; };
		0243A7131AF0574B0080EEA2 /* Base */ = {isa = PBXFileReference; lastKnownFileType = file.xib; name = Base; path = Base.lproj/LaunchScreen.xib; sourceTree = "<group>"; };
		0243A7191AF0574B0080EEA2 /* OpenInAppTests.xctest */ = {isa = PBXFileReference; explicitFileType = wrapper.cfbundle; includeInIndex = 0; path = OpenInAppTests.xctest; sourceTree = BUILT_PRODUCTS_DIR; };
		0243A71E1AF0574B0080EEA2 /* Info.plist */ = {isa = PBXFileReference; lastKnownFileType = text.plist.xml; path = Info.plist; sourceTree = "<group>"; };
		0243A71F1AF0574B0080EEA2 /* OpenInAppTests.m */ = {isa = PBXFileReference; lastKnownFileType = sourcecode.c.objc; path = OpenInAppTests.m; sourceTree = "<group>"; };
		0243A7411AF057B80080EEA2 /* OpenInAppActionExtension.appex */ = {isa = PBXFileReference; explicitFileType = "wrapper.app-extension"; includeInIndex = 0; path = OpenInAppActionExtension.appex; sourceTree = BUILT_PRODUCTS_DIR; };
		0243A7441AF057B80080EEA2 /* Info.plist */ = {isa = PBXFileReference; lastKnownFileType = text.plist.xml; path = Info.plist; sourceTree = "<group>"; };
		0243A7451AF057B80080EEA2 /* ActionViewController.h */ = {isa = PBXFileReference; lastKnownFileType = sourcecode.c.h; path = ActionViewController.h; sourceTree = "<group>"; };
		0243A7461AF057B80080EEA2 /* ActionViewController.m */ = {isa = PBXFileReference; lastKnownFileType = sourcecode.c.objc; path = ActionViewController.m; sourceTree = "<group>"; };
		0243A7481AF057B80080EEA2 /* MainInterface.storyboard */ = {isa = PBXFileReference; lastKnownFileType = file.storyboard; path = MainInterface.storyboard; sourceTree = "<group>"; };
		0243A7B21AF05B800080EEA2 /* OIALuaBinding.h */ = {isa = PBXFileReference; fileEncoding = 4; lastKnownFileType = sourcecode.c.h; path = OIALuaBinding.h; sourceTree = "<group>"; };
		0243A7B31AF05B800080EEA2 /* OIALuaBinding.m */ = {isa = PBXFileReference; fileEncoding = 4; lastKnownFileType = sourcecode.c.objc; path = OIALuaBinding.m; sourceTree = "<group>"; };
		0243A7B61AF05B8C0080EEA2 /* lapi.c */ = {isa = PBXFileReference; fileEncoding = 4; lastKnownFileType = sourcecode.c.c; path = lapi.c; sourceTree = "<group>"; };
		0243A7B71AF05B8C0080EEA2 /* lapi.h */ = {isa = PBXFileReference; fileEncoding = 4; lastKnownFileType = sourcecode.c.h; path = lapi.h; sourceTree = "<group>"; };
		0243A7B81AF05B8C0080EEA2 /* lauxlib.c */ = {isa = PBXFileReference; fileEncoding = 4; lastKnownFileType = sourcecode.c.c; path = lauxlib.c; sourceTree = "<group>"; };
		0243A7B91AF05B8C0080EEA2 /* lauxlib.h */ = {isa = PBXFileReference; fileEncoding = 4; lastKnownFileType = sourcecode.c.h; path = lauxlib.h; sourceTree = "<group>"; };
		0243A7BA1AF05B8C0080EEA2 /* lbaselib.c */ = {isa = PBXFileReference; fileEncoding = 4; lastKnownFileType = sourcecode.c.c; path = lbaselib.c; sourceTree = "<group>"; };
		0243A7BB1AF05B8C0080EEA2 /* lbitlib.c */ = {isa = PBXFileReference; fileEncoding = 4; lastKnownFileType = sourcecode.c.c; path = lbitlib.c; sourceTree = "<group>"; };
		0243A7BC1AF05B8C0080EEA2 /* lcode.c */ = {isa = PBXFileReference; fileEncoding = 4; lastKnownFileType = sourcecode.c.c; path = lcode.c; sourceTree = "<group>"; };
		0243A7BD1AF05B8C0080EEA2 /* lcode.h */ = {isa = PBXFileReference; fileEncoding = 4; lastKnownFileType = sourcecode.c.h; path = lcode.h; sourceTree = "<group>"; };
		0243A7BE1AF05B8C0080EEA2 /* lcorolib.c */ = {isa = PBXFileReference; fileEncoding = 4; lastKnownFileType = sourcecode.c.c; path = lcorolib.c; sourceTree = "<group>"; };
		0243A7BF1AF05B8C0080EEA2 /* lctype.c */ = {isa = PBXFileReference; fileEncoding = 4; lastKnownFileType = sourcecode.c.c; path = lctype.c; sourceTree = "<group>"; };
		0243A7C01AF05B8C0080EEA2 /* lctype.h */ = {isa = PBXFileReference; fileEncoding = 4; lastKnownFileType = sourcecode.c.h; path = lctype.h; sourceTree = "<group>"; };
		0243A7C11AF05B8C0080EEA2 /* ldblib.c */ = {isa = PBXFileReference; fileEncoding = 4; lastKnownFileType = sourcecode.c.c; path = ldblib.c; sourceTree = "<group>"; };
		0243A7C21AF05B8C0080EEA2 /* ldebug.c */ = {isa = PBXFileReference; fileEncoding = 4; lastKnownFileType = sourcecode.c.c; path = ldebug.c; sourceTree = "<group>"; };
		0243A7C31AF05B8C0080EEA2 /* ldebug.h */ = {isa = PBXFileReference; fileEncoding = 4; lastKnownFileType = sourcecode.c.h; path = ldebug.h; sourceTree = "<group>"; };
		0243A7C41AF05B8C0080EEA2 /* ldo.c */ = {isa = PBXFileReference; fileEncoding = 4; lastKnownFileType = sourcecode.c.c; path = ldo.c; sourceTree = "<group>"; };
		0243A7C51AF05B8C0080EEA2 /* ldo.h */ = {isa = PBXFileReference; fileEncoding = 4; lastKnownFileType = sourcecode.c.h; path = ldo.h; sourceTree = "<group>"; };
		0243A7C61AF05B8C0080EEA2 /* ldump.c */ = {isa = PBXFileReference; fileEncoding = 4; lastKnownFileType = sourcecode.c.c; path = ldump.c; sourceTree = "<group>"; };
		0243A7C91AF05B8C0080EEA2 /* lfunc.c */ = {isa = PBXFileReference; fileEncoding = 4; lastKnownFileType = sourcecode.c.c; path = lfunc.c; sourceTree = "<group>"; };
		0243A7CA1AF05B8C0080EEA2 /* lfunc.h */ = {isa = PBXFileReference; fileEncoding = 4; lastKnownFileType = sourcecode.c.h; path = lfunc.h; sourceTree = "<group>"; };
		0243A7CB1AF05B8C0080EEA2 /* lgc.c */ = {isa = PBXFileReference; fileEncoding = 4; lastKnownFileType = sourcecode.c.c; path = lgc.c; sourceTree = "<group>"; };
		0243A7CC1AF05B8C0080EEA2 /* lgc.h */ = {isa = PBXFileReference; fileEncoding = 4; lastKnownFileType = sourcecode.c.h; path = lgc.h; sourceTree = "<group>"; };
		0243A7CD1AF05B8C0080EEA2 /* linit.c */ = {isa = PBXFileReference; fileEncoding = 4; lastKnownFileType = sourcecode.c.c; path = linit.c; sourceTree = "<group>"; };
		0243A7CF1AF05B8C0080EEA2 /* llex.c */ = {isa = PBXFileReference; fileEncoding = 4; lastKnownFileType = sourcecode.c.c; path = llex.c; sourceTree = "<group>"; };
		0243A7D01AF05B8C0080EEA2 /* llex.h */ = {isa = PBXFileReference; fileEncoding = 4; lastKnownFileType = sourcecode.c.h; path = llex.h; sourceTree = "<group>"; };
		0243A7D11AF05B8C0080EEA2 /* llimits.h */ = {isa = PBXFileReference; fileEncoding = 4; lastKnownFileType = sourcecode.c.h; path = llimits.h; sourceTree = "<group>"; };
		0243A7D21AF05B8C0080EEA2 /* lmathlib.c */ = {isa = PBXFileReference; fileEncoding = 4; lastKnownFileType = sourcecode.c.c; path = lmathlib.c; sourceTree = "<group>"; };
		0243A7D31AF05B8C0080EEA2 /* lmem.c */ = {isa = PBXFileReference; fileEncoding = 4; lastKnownFileType = sourcecode.c.c; path = lmem.c; sourceTree = "<group>"; };
		0243A7D41AF05B8C0080EEA2 /* lmem.h */ = {isa = PBXFileReference; fileEncoding = 4; lastKnownFileType = sourcecode.c.h; path = lmem.h; sourceTree = "<group>"; };
		0243A7D51AF05B8C0080EEA2 /* loadlib.c */ = {isa = PBXFileReference; fileEncoding = 4; lastKnownFileType = sourcecode.c.c; path = loadlib.c; sourceTree = "<group>"; };
		0243A7D61AF05B8C0080EEA2 /* lobject.c */ = {isa = PBXFileReference; fileEncoding = 4; lastKnownFileType = sourcecode.c.c; path = lobject.c; sourceTree = "<group>"; };
		0243A7D71AF05B8C0080EEA2 /* lobject.h */ = {isa = PBXFileReference; fileEncoding = 4; lastKnownFileType = sourcecode.c.h; path = lobject.h; sourceTree = "<group>"; };
		0243A7D81AF05B8C0080EEA2 /* lopcodes.c */ = {isa = PBXFileReference; fileEncoding = 4; lastKnownFileType = sourcecode.c.c; path = lopcodes.c; sourceTree = "<group>"; };
		0243A7D91AF05B8C0080EEA2 /* lopcodes.h */ = {isa = PBXFileReference; fileEncoding = 4; lastKnownFileType = sourcecode.c.h; path = lopcodes.h; sourceTree = "<group>"; };
		0243A7DA1AF05B8C0080EEA2 /* loslib.c */ = {isa = PBXFileReference; fileEncoding = 4; lastKnownFileType = sourcecode.c.c; path = loslib.c; sourceTree = "<group>"; };
		0243A7DB1AF05B8C0080EEA2 /* lparser.c */ = {isa = PBXFileReference; fileEncoding = 4; lastKnownFileType = sourcecode.c.c; path = lparser.c; sourceTree = "<group>"; };
		0243A7DC1AF05B8C0080EEA2 /* lparser.h */ = {isa = PBXFileReference; fileEncoding = 4; lastKnownFileType = sourcecode.c.h; path = lparser.h; sourceTree = "<group>"; };
		0243A7DD1AF05B8C0080EEA2 /* lstate.c */ = {isa = PBXFileReference; fileEncoding = 4; lastKnownFileType = sourcecode.c.c; path = lstate.c; sourceTree = "<group>"; };
		0243A7DE1AF05B8C0080EEA2 /* lstate.h */ = {isa = PBXFileReference; fileEncoding = 4; lastKnownFileType = sourcecode.c.h; path = lstate.h; sourceTree = "<group>"; };
		0243A7DF1AF05B8C0080EEA2 /* lstring.c */ = {isa = PBXFileReference; fileEncoding = 4; lastKnownFileType = sourcecode.c.c; path = lstring.c; sourceTree = "<group>"; };
		0243A7E01AF05B8C0080EEA2 /* lstring.h */ = {isa = PBXFileReference; fileEncoding = 4; lastKnownFileType = sourcecode.c.h; path = lstring.h; sourceTree = "<group>"; };
		0243A7E11AF05B8C0080EEA2 /* lstrlib.c */ = {isa = PBXFileReference; fileEncoding = 4; lastKnownFileType = sourcecode.c.c; path = lstrlib.c; sourceTree = "<group>"; };
		0243A7E21AF05B8C0080EEA2 /* ltable.c */ = {isa = PBXFileReference; fileEncoding = 4; lastKnownFileType = sourcecode.c.c; path = ltable.c; sourceTree = "<group>"; };
		0243A7E31AF05B8C0080EEA2 /* ltable.h */ = {isa = PBXFileReference; fileEncoding = 4; lastKnownFileType = sourcecode.c.h; path = ltable.h; sourceTree = "<group>"; };
		0243A7E41AF05B8C0080EEA2 /* ltablib.c */ = {isa = PBXFileReference; fileEncoding = 4; lastKnownFileType = sourcecode.c.c; path = ltablib.c; sourceTree = "<group>"; };
		0243A7E51AF05B8C0080EEA2 /* ltm.c */ = {isa = PBXFileReference; fileEncoding = 4; lastKnownFileType = sourcecode.c.c; path = ltm.c; sourceTree = "<group>"; };
		0243A7E61AF05B8C0080EEA2 /* ltm.h */ = {isa = PBXFileReference; fileEncoding = 4; lastKnownFileType = sourcecode.c.h; path = ltm.h; sourceTree = "<group>"; };
		0243A7E71AF05B8C0080EEA2 /* lua.h */ = {isa = PBXFileReference; fileEncoding = 4; lastKnownFileType = sourcecode.c.h; path = lua.h; sourceTree = "<group>"; };
		0243A7E81AF05B8C0080EEA2 /* lua.hpp */ = {isa = PBXFileReference; fileEncoding = 4; lastKnownFileType = sourcecode.cpp.h; path = lua.hpp; sourceTree = "<group>"; };
		0243A7E91AF05B8C0080EEA2 /* luaconf.h */ = {isa = PBXFileReference; fileEncoding = 4; lastKnownFileType = sourcecode.c.h; path = luaconf.h; sourceTree = "<group>"; };
		0243A7EA1AF05B8C0080EEA2 /* lualib.h */ = {isa = PBXFileReference; fileEncoding = 4; lastKnownFileType = sourcecode.c.h; path = lualib.h; sourceTree = "<group>"; };
		0243A7EB1AF05B8C0080EEA2 /* lundump.c */ = {isa = PBXFileReference; fileEncoding = 4; lastKnownFileType = sourcecode.c.c; path = lundump.c; sourceTree = "<group>"; };
		0243A7EC1AF05B8C0080EEA2 /* lundump.h */ = {isa = PBXFileReference; fileEncoding = 4; lastKnownFileType = sourcecode.c.h; path = lundump.h; sourceTree = "<group>"; };
		0243A7ED1AF05B8C0080EEA2 /* lvm.c */ = {isa = PBXFileReference; fileEncoding = 4; lastKnownFileType = sourcecode.c.c; path = lvm.c; sourceTree = "<group>"; };
		0243A7EE1AF05B8C0080EEA2 /* lvm.h */ = {isa = PBXFileReference; fileEncoding = 4; lastKnownFileType = sourcecode.c.h; path = lvm.h; sourceTree = "<group>"; };
		0243A7EF1AF05B8C0080EEA2 /* lzio.c */ = {isa = PBXFileReference; fileEncoding = 4; lastKnownFileType = sourcecode.c.c; path = lzio.c; sourceTree = "<group>"; };
		0243A7F01AF05B8C0080EEA2 /* lzio.h */ = {isa = PBXFileReference; fileEncoding = 4; lastKnownFileType = sourcecode.c.h; path = lzio.h; sourceTree = "<group>"; };
		0243A8141AF05C0F0080EEA2 /* OIAScripts.h */ = {isa = PBXFileReference; fileEncoding = 4; lastKnownFileType = sourcecode.c.h; path = OIAScripts.h; sourceTree = "<group>"; };
		0243A8151AF05C0F0080EEA2 /* OIAScripts.m */ = {isa = PBXFileReference; fileEncoding = 4; lastKnownFileType = sourcecode.c.objc; path = OIAScripts.m; sourceTree = "<group>"; };
		02848DE31B2766DE0093E26C /* OIAAppTableViewCell.h */ = {isa = PBXFileReference; fileEncoding = 4; lastKnownFileType = sourcecode.c.h; path = OIAAppTableViewCell.h; sourceTree = "<group>"; };
		02848DE41B2766DE0093E26C /* OIAAppTableViewCell.m */ = {isa = PBXFileReference; fileEncoding = 4; lastKnownFileType = sourcecode.c.objc; path = OIAAppTableViewCell.m; sourceTree = "<group>"; };
		02848DE91B276E910093E26C /* DownwardSwipeSegueButLonger.swift */ = {isa = PBXFileReference; fileEncoding = 4; lastKnownFileType = sourcecode.swift; name = DownwardSwipeSegueButLonger.swift; path = "../../Dropbox/Elijah + Andrew/OpenInApp/Of Present/Of Present/DownwardSwipeSegueButLonger.swift"; sourceTree = "<group>"; };
		02A3B1BD1AF1430A0014956B /* Browser Changer.lua */ = {isa = PBXFileReference; fileEncoding = 4; lastKnownFileType = text; name = "Browser Changer.lua"; path = "scripts/Browser Changer.lua"; sourceTree = "<group>"; };
		02A3B1BE1AF1430A0014956B /* Cydia.lua */ = {isa = PBXFileReference; fileEncoding = 4; lastKnownFileType = text; name = Cydia.lua; path = scripts/Cydia.lua; sourceTree = "<group>"; };
		02A3B1BF1AF1430A0014956B /* Ebay.lua */ = {isa = PBXFileReference; fileEncoding = 4; lastKnownFileType = text; name = Ebay.lua; path = scripts/Ebay.lua; sourceTree = "<group>"; };
		02A3B1C01AF1430A0014956B /* Foap.lua */ = {isa = PBXFileReference; fileEncoding = 4; lastKnownFileType = text; name = Foap.lua; path = scripts/Foap.lua; sourceTree = "<group>"; };
		02A3B1C11AF1430A0014956B /* GitHub.lua */ = {isa = PBXFileReference; fileEncoding = 4; lastKnownFileType = text; name = GitHub.lua; path = scripts/GitHub.lua; sourceTree = "<group>"; };
		02A3B1C21AF1430A0014956B /* IMDB.lua */ = {isa = PBXFileReference; fileEncoding = 4; lastKnownFileType = text; name = IMDB.lua; path = scripts/IMDB.lua; sourceTree = "<group>"; };
		02A3B1C31AF1430A0014956B /* Instagram.lua */ = {isa = PBXFileReference; fileEncoding = 4; lastKnownFileType = text; name = Instagram.lua; path = scripts/Instagram.lua; sourceTree = "<group>"; };
		02A3B1C41AF1430A0014956B /* Mailto 2 Gmail.lua */ = {isa = PBXFileReference; fileEncoding = 4; lastKnownFileType = text; name = "Mailto 2 Gmail.lua"; path = "scripts/Mailto 2 Gmail.lua"; sourceTree = "<group>"; };
		02A3B1C51AF1430A0014956B /* main.lua */ = {isa = PBXFileReference; fileEncoding = 4; lastKnownFileType = text; name = main.lua; path = scripts/main.lua; sourceTree = "<group>"; };
		02A3B1C61AF1430A0014956B /* MapsChanger.lua */ = {isa = PBXFileReference; fileEncoding = 4; lastKnownFileType = text; name = MapsChanger.lua; path = scripts/MapsChanger.lua; sourceTree = "<group>"; };
		02A3B1C71AF1430A0014956B /* Tweetbot.lua */ = {isa = PBXFileReference; fileEncoding = 4; lastKnownFileType = text; name = Tweetbot.lua; path = scripts/Tweetbot.lua; sourceTree = "<group>"; };
		02A3B1C81AF1430A0014956B /* Twitter.lua */ = {isa = PBXFileReference; fileEncoding = 4; lastKnownFileType = text; name = Twitter.lua; path = scripts/Twitter.lua; sourceTree = "<group>"; };
		02A3B1C91AF1430A0014956B /* Twitterrific.lua */ = {isa = PBXFileReference; fileEncoding = 4; lastKnownFileType = text; name = Twitterrific.lua; path = scripts/Twitterrific.lua; sourceTree = "<group>"; };
		02A3B1CA1AF1430A0014956B /* Vine.lua */ = {isa = PBXFileReference; fileEncoding = 4; lastKnownFileType = text; name = Vine.lua; path = scripts/Vine.lua; sourceTree = "<group>"; };
		02A3B2341AF14E590014956B /* OIAURLChecker.h */ = {isa = PBXFileReference; fileEncoding = 4; lastKnownFileType = sourcecode.c.h; path = OIAURLChecker.h; sourceTree = "<group>"; };
		02A3B2351AF14E590014956B /* OIAURLChecker.m */ = {isa = PBXFileReference; fileEncoding = 4; lastKnownFileType = sourcecode.c.objc; path = OIAURLChecker.m; sourceTree = "<group>"; };
		02A3B2381AF150E40014956B /* MBProgressHUD.h */ = {isa = PBXFileReference; fileEncoding = 4; lastKnownFileType = sourcecode.c.h; path = MBProgressHUD.h; sourceTree = "<group>"; };
		02A3B2391AF150E40014956B /* MBProgressHUD.m */ = {isa = PBXFileReference; fileEncoding = 4; lastKnownFileType = sourcecode.c.objc; path = MBProgressHUD.m; sourceTree = "<group>"; };
		02AE6B5A1B2675B60003D250 /* OpenInApp-Bridging-Header.h */ = {isa = PBXFileReference; lastKnownFileType = sourcecode.c.h; path = "OpenInApp-Bridging-Header.h"; sourceTree = "<group>"; };
		02AE6B5B1B2675B70003D250 /* IntroViewController.swift */ = {isa = PBXFileReference; fileEncoding = 4; lastKnownFileType = sourcecode.swift; name = IntroViewController.swift; path = "../../Dropbox/Elijah + Andrew/OpenInApp/Of Present/Of Present/IntroViewController.swift"; sourceTree = "<group>"; };
		02AE6B5F1B2675CC0003D250 /* CRGradientNavigationBar.h */ = {isa = PBXFileReference; fileEncoding = 4; lastKnownFileType = sourcecode.c.h; name = CRGradientNavigationBar.h; path = "../../Dropbox/Elijah + Andrew/OpenInApp/Of Present/Of Present/CRGradientNavigationBar.h"; sourceTree = "<group>"; };
		02AE6B601B2675CC0003D250 /* CRGradientNavigationBar.m */ = {isa = PBXFileReference; fileEncoding = 4; lastKnownFileType = sourcecode.c.objc; name = CRGradientNavigationBar.m; path = "../../Dropbox/Elijah + Andrew/OpenInApp/Of Present/Of Present/CRGradientNavigationBar.m"; sourceTree = "<group>"; };
		02AE6B611B2675CC0003D250 /* DownwardSwipeSegue.swift */ = {isa = PBXFileReference; fileEncoding = 4; lastKnownFileType = sourcecode.swift; name = DownwardSwipeSegue.swift; path = "../../Dropbox/Elijah + Andrew/OpenInApp/Of Present/Of Present/DownwardSwipeSegue.swift"; sourceTree = "<group>"; };
		02AE6B621B2675CC0003D250 /* GradientView.swift */ = {isa = PBXFileReference; fileEncoding = 4; lastKnownFileType = sourcecode.swift; name = GradientView.swift; path = "../../Dropbox/Elijah + Andrew/OpenInApp/Of Present/Of Present/GradientView.swift"; sourceTree = "<group>"; };
		02AE6B631B2675CC0003D250 /* HolderViewController.swift */ = {isa = PBXFileReference; fileEncoding = 4; lastKnownFileType = sourcecode.swift; name = HolderViewController.swift; path = "../../Dropbox/Elijah + Andrew/OpenInApp/Of Present/Of Present/HolderViewController.swift"; sourceTree = "<group>"; };
		02B1E8211B27CDC50064BD43 /* MainViewController.swift */ = {isa = PBXFileReference; fileEncoding = 4; lastKnownFileType = sourcecode.swift; name = MainViewController.swift; path = "../../Dropbox/Elijah + Andrew/OpenInApp/Of Present/Of Present/MainViewController.swift"; sourceTree = "<group>"; };
		02C81B8A1B27FD8F00C8433A /* AddViewController.swift */ = {isa = PBXFileReference; fileEncoding = 4; lastKnownFileType = sourcecode.swift; path = AddViewController.swift; sourceTree = "<group>"; };
		02F6E5271B267F2B0023AC22 /* Base */ = {isa = PBXFileReference; lastKnownFileType = file.xib; name = Base; path = "../../../Dropbox/Elijah + Andrew/OpenInApp/Of Present/Of Present/Base.lproj/0.xib"; sourceTree = "<group>"; };
		02F6E5291B267F2B0023AC22 /* Base */ = {isa = PBXFileReference; lastKnownFileType = file.xib; name = Base; path = "../../../Dropbox/Elijah + Andrew/OpenInApp/Of Present/Of Present/Base.lproj/1.xib"; sourceTree = "<group>"; };
		02F6E52B1B267F2B0023AC22 /* Base */ = {isa = PBXFileReference; lastKnownFileType = file.xib; name = Base; path = "../../../Dropbox/Elijah + Andrew/OpenInApp/Of Present/Of Present/Base.lproj/2.xib"; sourceTree = "<group>"; };
		02F6E52D1B267F2B0023AC22 /* Base */ = {isa = PBXFileReference; lastKnownFileType = file.xib; name = Base; path = "../../../Dropbox/Elijah + Andrew/OpenInApp/Of Present/Of Present/Base.lproj/3.xib"; sourceTree = "<group>"; };
		02F6E5331B267F6B0023AC22 /* Base */ = {isa = PBXFileReference; lastKnownFileType = file.storyboard; name = Base; path = "../../../Dropbox/Elijah + Andrew/OpenInApp/Of Present/Of Present/Base.lproj/Main.storyboard"; sourceTree = "<group>"; };
/* End PBXFileReference section */

/* Begin PBXFrameworksBuildPhase section */
		0243A6FD1AF0574B0080EEA2 /* Frameworks */ = {
			isa = PBXFrameworksBuildPhase;
			buildActionMask = 2147483647;
			files = (
				0206389D1AF3F16A008F2BFD /* iAd.framework in Frameworks */,
			);
			runOnlyForDeploymentPostprocessing = 0;
		};
		0243A7161AF0574B0080EEA2 /* Frameworks */ = {
			isa = PBXFrameworksBuildPhase;
			buildActionMask = 2147483647;
			files = (
			);
			runOnlyForDeploymentPostprocessing = 0;
		};
		0243A73E1AF057B80080EEA2 /* Frameworks */ = {
			isa = PBXFrameworksBuildPhase;
			buildActionMask = 2147483647;
			files = (
			);
			runOnlyForDeploymentPostprocessing = 0;
		};
/* End PBXFrameworksBuildPhase section */

/* Begin PBXGroup section */
		0243A6F71AF0574B0080EEA2 = {
			isa = PBXGroup;
			children = (
				0206389C1AF3F16A008F2BFD /* iAd.framework */,
				02A3B2381AF150E40014956B /* MBProgressHUD.h */,
				02A3B2391AF150E40014956B /* MBProgressHUD.m */,
				02A3B1BC1AF142E70014956B /* scripts */,
				0243A8141AF05C0F0080EEA2 /* OIAScripts.h */,
				0243A8151AF05C0F0080EEA2 /* OIAScripts.m */,
				0243A7B21AF05B800080EEA2 /* OIALuaBinding.h */,
				0243A7B31AF05B800080EEA2 /* OIALuaBinding.m */,
				02A3B2341AF14E590014956B /* OIAURLChecker.h */,
				02A3B2351AF14E590014956B /* OIAURLChecker.m */,
				02AE6B5F1B2675CC0003D250 /* CRGradientNavigationBar.h */,
				02AE6B601B2675CC0003D250 /* CRGradientNavigationBar.m */,
				02848DE31B2766DE0093E26C /* OIAAppTableViewCell.h */,
				02848DE41B2766DE0093E26C /* OIAAppTableViewCell.m */,
				02AE6B5B1B2675B70003D250 /* IntroViewController.swift */,
				02AE6B621B2675CC0003D250 /* GradientView.swift */,
				02AE6B611B2675CC0003D250 /* DownwardSwipeSegue.swift */,
				02848DE91B276E910093E26C /* DownwardSwipeSegueButLonger.swift */,
				02AE6B631B2675CC0003D250 /* HolderViewController.swift */,
				02B1E8211B27CDC50064BD43 /* MainViewController.swift */,
				02C81B8A1B27FD8F00C8433A /* AddViewController.swift */,
				0243A7B51AF05B8C0080EEA2 /* lua */,
				0243A7021AF0574B0080EEA2 /* OpenInApp */,
				0243A71C1AF0574B0080EEA2 /* OpenInAppTests */,
				0243A7421AF057B80080EEA2 /* OpenInAppActionExtension */,
				0243A7011AF0574B0080EEA2 /* Products */,
				02AE6B5A1B2675B60003D250 /* OpenInApp-Bridging-Header.h */,
			);
			sourceTree = "<group>";
		};
		0243A7011AF0574B0080EEA2 /* Products */ = {
			isa = PBXGroup;
			children = (
				0243A7001AF0574B0080EEA2 /* OpenInApp.app */,
				0243A7191AF0574B0080EEA2 /* OpenInAppTests.xctest */,
				0243A7411AF057B80080EEA2 /* OpenInAppActionExtension.appex */,
			);
			name = Products;
			sourceTree = "<group>";
		};
		0243A7021AF0574B0080EEA2 /* OpenInApp */ = {
			isa = PBXGroup;
			children = (
				0243A7071AF0574B0080EEA2 /* AppDelegate.h */,
				0243A7081AF0574B0080EEA2 /* AppDelegate.m */,
				02F6E5321B267F6B0023AC22 /* Main.storyboard */,
				02F6E5261B267F2B0023AC22 /* 0.xib */,
				02F6E5281B267F2B0023AC22 /* 1.xib */,
				02F6E52A1B267F2B0023AC22 /* 2.xib */,
				02F6E52C1B267F2B0023AC22 /* 3.xib */,
				0243A7101AF0574B0080EEA2 /* Images.xcassets */,
				0243A7121AF0574B0080EEA2 /* LaunchScreen.xib */,
				0243A7031AF0574B0080EEA2 /* Supporting Files */,
			);
			path = OpenInApp;
			sourceTree = "<group>";
		};
		0243A7031AF0574B0080EEA2 /* Supporting Files */ = {
			isa = PBXGroup;
			children = (
				0243A7041AF0574B0080EEA2 /* Info.plist */,
				0243A7051AF0574B0080EEA2 /* main.m */,
			);
			name = "Supporting Files";
			sourceTree = "<group>";
		};
		0243A71C1AF0574B0080EEA2 /* OpenInAppTests */ = {
			isa = PBXGroup;
			children = (
				0243A71F1AF0574B0080EEA2 /* OpenInAppTests.m */,
				0243A71D1AF0574B0080EEA2 /* Supporting Files */,
			);
			path = OpenInAppTests;
			sourceTree = "<group>";
		};
		0243A71D1AF0574B0080EEA2 /* Supporting Files */ = {
			isa = PBXGroup;
			children = (
				0243A71E1AF0574B0080EEA2 /* Info.plist */,
			);
			name = "Supporting Files";
			sourceTree = "<group>";
		};
		0243A7421AF057B80080EEA2 /* OpenInAppActionExtension */ = {
			isa = PBXGroup;
			children = (
				0243A7451AF057B80080EEA2 /* ActionViewController.h */,
				0243A7461AF057B80080EEA2 /* ActionViewController.m */,
				0243A7481AF057B80080EEA2 /* MainInterface.storyboard */,
				0243A7431AF057B80080EEA2 /* Supporting Files */,
			);
			path = OpenInAppActionExtension;
			sourceTree = "<group>";
		};
		0243A7431AF057B80080EEA2 /* Supporting Files */ = {
			isa = PBXGroup;
			children = (
				0243A7441AF057B80080EEA2 /* Info.plist */,
			);
			name = "Supporting Files";
			sourceTree = "<group>";
		};
		0243A7B51AF05B8C0080EEA2 /* lua */ = {
			isa = PBXGroup;
			children = (
				0243A7B61AF05B8C0080EEA2 /* lapi.c */,
				0243A7B71AF05B8C0080EEA2 /* lapi.h */,
				0243A7B81AF05B8C0080EEA2 /* lauxlib.c */,
				0243A7B91AF05B8C0080EEA2 /* lauxlib.h */,
				0243A7BA1AF05B8C0080EEA2 /* lbaselib.c */,
				0243A7BB1AF05B8C0080EEA2 /* lbitlib.c */,
				0243A7BC1AF05B8C0080EEA2 /* lcode.c */,
				0243A7BD1AF05B8C0080EEA2 /* lcode.h */,
				0243A7BE1AF05B8C0080EEA2 /* lcorolib.c */,
				0243A7BF1AF05B8C0080EEA2 /* lctype.c */,
				0243A7C01AF05B8C0080EEA2 /* lctype.h */,
				0243A7C11AF05B8C0080EEA2 /* ldblib.c */,
				0243A7C21AF05B8C0080EEA2 /* ldebug.c */,
				0243A7C31AF05B8C0080EEA2 /* ldebug.h */,
				0243A7C41AF05B8C0080EEA2 /* ldo.c */,
				0243A7C51AF05B8C0080EEA2 /* ldo.h */,
				0243A7C61AF05B8C0080EEA2 /* ldump.c */,
				0243A7C91AF05B8C0080EEA2 /* lfunc.c */,
				0243A7CA1AF05B8C0080EEA2 /* lfunc.h */,
				0243A7CB1AF05B8C0080EEA2 /* lgc.c */,
				0243A7CC1AF05B8C0080EEA2 /* lgc.h */,
				0243A7CD1AF05B8C0080EEA2 /* linit.c */,
				0243A7CF1AF05B8C0080EEA2 /* llex.c */,
				0243A7D01AF05B8C0080EEA2 /* llex.h */,
				0243A7D11AF05B8C0080EEA2 /* llimits.h */,
				0243A7D21AF05B8C0080EEA2 /* lmathlib.c */,
				0243A7D31AF05B8C0080EEA2 /* lmem.c */,
				0243A7D41AF05B8C0080EEA2 /* lmem.h */,
				0243A7D51AF05B8C0080EEA2 /* loadlib.c */,
				0243A7D61AF05B8C0080EEA2 /* lobject.c */,
				0243A7D71AF05B8C0080EEA2 /* lobject.h */,
				0243A7D81AF05B8C0080EEA2 /* lopcodes.c */,
				0243A7D91AF05B8C0080EEA2 /* lopcodes.h */,
				0243A7DA1AF05B8C0080EEA2 /* loslib.c */,
				0243A7DB1AF05B8C0080EEA2 /* lparser.c */,
				0243A7DC1AF05B8C0080EEA2 /* lparser.h */,
				0243A7DD1AF05B8C0080EEA2 /* lstate.c */,
				0243A7DE1AF05B8C0080EEA2 /* lstate.h */,
				0243A7DF1AF05B8C0080EEA2 /* lstring.c */,
				0243A7E01AF05B8C0080EEA2 /* lstring.h */,
				0243A7E11AF05B8C0080EEA2 /* lstrlib.c */,
				0243A7E21AF05B8C0080EEA2 /* ltable.c */,
				0243A7E31AF05B8C0080EEA2 /* ltable.h */,
				0243A7E41AF05B8C0080EEA2 /* ltablib.c */,
				0243A7E51AF05B8C0080EEA2 /* ltm.c */,
				0243A7E61AF05B8C0080EEA2 /* ltm.h */,
				0243A7E71AF05B8C0080EEA2 /* lua.h */,
				0243A7E81AF05B8C0080EEA2 /* lua.hpp */,
				0243A7E91AF05B8C0080EEA2 /* luaconf.h */,
				0243A7EA1AF05B8C0080EEA2 /* lualib.h */,
				0243A7EB1AF05B8C0080EEA2 /* lundump.c */,
				0243A7EC1AF05B8C0080EEA2 /* lundump.h */,
				0243A7ED1AF05B8C0080EEA2 /* lvm.c */,
				0243A7EE1AF05B8C0080EEA2 /* lvm.h */,
				0243A7EF1AF05B8C0080EEA2 /* lzio.c */,
				0243A7F01AF05B8C0080EEA2 /* lzio.h */,
			);
			path = lua;
			sourceTree = "<group>";
		};
		02A3B1BC1AF142E70014956B /* scripts */ = {
			isa = PBXGroup;
			children = (
				020638A01AF3F2E1008F2BFD /* Amazon.lua */,
				0217E5A11AF1968C006124A1 /* AppDotNet.lua */,
				02A3B1BD1AF1430A0014956B /* Browser Changer.lua */,
				02A3B1BE1AF1430A0014956B /* Cydia.lua */,
				02A3B1BF1AF1430A0014956B /* Ebay.lua */,
				02A3B1C01AF1430A0014956B /* Foap.lua */,
				02A3B1C11AF1430A0014956B /* GitHub.lua */,
				02A3B1C21AF1430A0014956B /* IMDB.lua */,
				02A3B1C31AF1430A0014956B /* Instagram.lua */,
				02A3B1C41AF1430A0014956B /* Mailto 2 Gmail.lua */,
				02A3B1C51AF1430A0014956B /* main.lua */,
				02A3B1C61AF1430A0014956B /* MapsChanger.lua */,
				02A3B1C71AF1430A0014956B /* Tweetbot.lua */,
				02A3B1C81AF1430A0014956B /* Twitter.lua */,
				02A3B1C91AF1430A0014956B /* Twitterrific.lua */,
				02A3B1CA1AF1430A0014956B /* Vine.lua */,
			);
			name = scripts;
			sourceTree = "<group>";
		};
/* End PBXGroup section */

/* Begin PBXNativeTarget section */
		0243A6FF1AF0574B0080EEA2 /* OpenInApp */ = {
			isa = PBXNativeTarget;
			buildConfigurationList = 0243A7231AF0574B0080EEA2 /* Build configuration list for PBXNativeTarget "OpenInApp" */;
			buildPhases = (
				0243A6FC1AF0574B0080EEA2 /* Sources */,
				0243A6FD1AF0574B0080EEA2 /* Frameworks */,
				0243A6FE1AF0574B0080EEA2 /* Resources */,
				02A3B1E81AF143540014956B /* CopyFiles */,
				0243A73C1AF057950080EEA2 /* Embed App Extensions */,
			);
			buildRules = (
			);
			dependencies = (
				0243A74B1AF057B80080EEA2 /* PBXTargetDependency */,
			);
			name = OpenInApp;
			productName = OpenInApp;
			productReference = 0243A7001AF0574B0080EEA2 /* OpenInApp.app */;
			productType = "com.apple.product-type.application";
		};
		0243A7181AF0574B0080EEA2 /* OpenInAppTests */ = {
			isa = PBXNativeTarget;
			buildConfigurationList = 0243A7261AF0574B0080EEA2 /* Build configuration list for PBXNativeTarget "OpenInAppTests" */;
			buildPhases = (
				0243A7151AF0574B0080EEA2 /* Sources */,
				0243A7161AF0574B0080EEA2 /* Frameworks */,
				0243A7171AF0574B0080EEA2 /* Resources */,
			);
			buildRules = (
			);
			dependencies = (
				0243A71B1AF0574B0080EEA2 /* PBXTargetDependency */,
			);
			name = OpenInAppTests;
			productName = OpenInAppTests;
			productReference = 0243A7191AF0574B0080EEA2 /* OpenInAppTests.xctest */;
			productType = "com.apple.product-type.bundle.unit-test";
		};
		0243A7401AF057B80080EEA2 /* OpenInAppActionExtension */ = {
			isa = PBXNativeTarget;
			buildConfigurationList = 0243A74D1AF057B80080EEA2 /* Build configuration list for PBXNativeTarget "OpenInAppActionExtension" */;
			buildPhases = (
				0243A73D1AF057B80080EEA2 /* Sources */,
				0243A73E1AF057B80080EEA2 /* Frameworks */,
				0243A73F1AF057B80080EEA2 /* Resources */,
				02A3B1D91AF143350014956B /* CopyFiles */,
			);
			buildRules = (
			);
			dependencies = (
			);
			name = OpenInAppActionExtension;
			productName = OpenInAppActionExtension;
			productReference = 0243A7411AF057B80080EEA2 /* OpenInAppActionExtension.appex */;
			productType = "com.apple.product-type.app-extension";
		};
/* End PBXNativeTarget section */

/* Begin PBXProject section */
		0243A6F81AF0574B0080EEA2 /* Project object */ = {
			isa = PBXProject;
			attributes = {
				LastUpgradeCheck = 0610;
				ORGANIZATIONNAME = "Elijah Frederickson";
				TargetAttributes = {
					0243A6FF1AF0574B0080EEA2 = {
						CreatedOnToolsVersion = 6.1;
						DevelopmentTeam = KY574C5VKZ;
					};
					0243A7181AF0574B0080EEA2 = {
						CreatedOnToolsVersion = 6.1;
						TestTargetID = 0243A6FF1AF0574B0080EEA2;
					};
					0243A7401AF057B80080EEA2 = {
						CreatedOnToolsVersion = 6.1;
					};
				};
			};
			buildConfigurationList = 0243A6FB1AF0574B0080EEA2 /* Build configuration list for PBXProject "OpenInApp" */;
			compatibilityVersion = "Xcode 3.2";
			developmentRegion = English;
			hasScannedForEncodings = 0;
			knownRegions = (
				en,
				Base,
			);
			mainGroup = 0243A6F71AF0574B0080EEA2;
			productRefGroup = 0243A7011AF0574B0080EEA2 /* Products */;
			projectDirPath = "";
			projectRoot = "";
			targets = (
				0243A6FF1AF0574B0080EEA2 /* OpenInApp */,
				0243A7181AF0574B0080EEA2 /* OpenInAppTests */,
				0243A7401AF057B80080EEA2 /* OpenInAppActionExtension */,
			);
		};
/* End PBXProject section */

/* Begin PBXResourcesBuildPhase section */
		0243A6FE1AF0574B0080EEA2 /* Resources */ = {
			isa = PBXResourcesBuildPhase;
			buildActionMask = 2147483647;
			files = (
				02F6E5301B267F2B0023AC22 /* 2.xib in Resources */,
				02F6E52E1B267F2B0023AC22 /* 0.xib in Resources */,
				020638A11AF3F2E1008F2BFD /* Amazon.lua in Resources */,
				02F6E52F1B267F2B0023AC22 /* 1.xib in Resources */,
				0243A7141AF0574B0080EEA2 /* LaunchScreen.xib in Resources */,
				02F6E5311B267F2B0023AC22 /* 3.xib in Resources */,
				02F6E5341B267F6B0023AC22 /* Main.storyboard in Resources */,
				0217E5A21AF1968C006124A1 /* AppDotNet.lua in Resources */,
				0243A7111AF0574B0080EEA2 /* Images.xcassets in Resources */,
			);
			runOnlyForDeploymentPostprocessing = 0;
		};
		0243A7171AF0574B0080EEA2 /* Resources */ = {
			isa = PBXResourcesBuildPhase;
			buildActionMask = 2147483647;
			files = (
			);
			runOnlyForDeploymentPostprocessing = 0;
		};
		0243A73F1AF057B80080EEA2 /* Resources */ = {
			isa = PBXResourcesBuildPhase;
			buildActionMask = 2147483647;
			files = (
				0243A7491AF057B80080EEA2 /* MainInterface.storyboard in Resources */,
			);
			runOnlyForDeploymentPostprocessing = 0;
		};
/* End PBXResourcesBuildPhase section */

/* Begin PBXSourcesBuildPhase section */
		0243A6FC1AF0574B0080EEA2 /* Sources */ = {
			isa = PBXSourcesBuildPhase;
			buildActionMask = 2147483647;
			files = (
				0243A7FC1AF05B8C0080EEA2 /* ldump.c in Sources */,
				02B1E8221B27CDC50064BD43 /* MainViewController.swift in Sources */,
				0243A80F1AF05B8C0080EEA2 /* ltm.c in Sources */,
				0243A8051AF05B8C0080EEA2 /* loadlib.c in Sources */,
				0243A7F61AF05B8C0080EEA2 /* lcode.c in Sources */,
				02848DEA1B276E910093E26C /* DownwardSwipeSegueButLonger.swift in Sources */,
				0243A7FE1AF05B8C0080EEA2 /* lfunc.c in Sources */,
				0243A7F21AF05B8C0080EEA2 /* lapi.c in Sources */,
				02A3B23A1AF150E40014956B /* MBProgressHUD.m in Sources */,
				0243A80A1AF05B8C0080EEA2 /* lstate.c in Sources */,
				0243A8021AF05B8C0080EEA2 /* llex.c in Sources */,
				0243A8041AF05B8C0080EEA2 /* lmem.c in Sources */,
				0243A80E1AF05B8C0080EEA2 /* ltablib.c in Sources */,
				02AE6B651B2675CC0003D250 /* DownwardSwipeSegue.swift in Sources */,
				02AE6B641B2675CC0003D250 /* CRGradientNavigationBar.m in Sources */,
				0243A7F71AF05B8C0080EEA2 /* lcorolib.c in Sources */,
				0243A7FF1AF05B8C0080EEA2 /* lgc.c in Sources */,
				0243A7B41AF05B800080EEA2 /* OIALuaBinding.m in Sources */,
				0243A80D1AF05B8C0080EEA2 /* ltable.c in Sources */,
				02AE6B671B2675CC0003D250 /* HolderViewController.swift in Sources */,
				0243A80B1AF05B8C0080EEA2 /* lstring.c in Sources */,
				0243A80C1AF05B8C0080EEA2 /* lstrlib.c in Sources */,
				0243A8071AF05B8C0080EEA2 /* lopcodes.c in Sources */,
				0243A7091AF0574B0080EEA2 /* AppDelegate.m in Sources */,
				0243A7F91AF05B8C0080EEA2 /* ldblib.c in Sources */,
				0243A8111AF05B8C0080EEA2 /* lvm.c in Sources */,
				0243A7F51AF05B8C0080EEA2 /* lbitlib.c in Sources */,
				0243A8001AF05B8C0080EEA2 /* linit.c in Sources */,
				0243A8031AF05B8C0080EEA2 /* lmathlib.c in Sources */,
				0243A8081AF05B8C0080EEA2 /* loslib.c in Sources */,
				0243A7F41AF05B8C0080EEA2 /* lbaselib.c in Sources */,
				02AE6B5D1B2675B70003D250 /* IntroViewController.swift in Sources */,
				0243A7FB1AF05B8C0080EEA2 /* ldo.c in Sources */,
				0243A8161AF05C0F0080EEA2 /* OIAScripts.m in Sources */,
				02C81B8B1B27FD8F00C8433A /* AddViewController.swift in Sources */,
				02848DE51B2766DE0093E26C /* OIAAppTableViewCell.m in Sources */,
				0243A8101AF05B8C0080EEA2 /* lundump.c in Sources */,
				0243A7061AF0574B0080EEA2 /* main.m in Sources */,
				0243A8091AF05B8C0080EEA2 /* lparser.c in Sources */,
				0243A7F31AF05B8C0080EEA2 /* lauxlib.c in Sources */,
				0243A7F81AF05B8C0080EEA2 /* lctype.c in Sources */,
				02A3B2361AF14E590014956B /* OIAURLChecker.m in Sources */,
				0243A8121AF05B8C0080EEA2 /* lzio.c in Sources */,
				0243A8061AF05B8C0080EEA2 /* lobject.c in Sources */,
				0243A7FA1AF05B8C0080EEA2 /* ldebug.c in Sources */,
				02AE6B661B2675CC0003D250 /* GradientView.swift in Sources */,
			);
			runOnlyForDeploymentPostprocessing = 0;
		};
		0243A7151AF0574B0080EEA2 /* Sources */ = {
			isa = PBXSourcesBuildPhase;
			buildActionMask = 2147483647;
			files = (
				0243A7201AF0574B0080EEA2 /* OpenInAppTests.m in Sources */,
			);
			runOnlyForDeploymentPostprocessing = 0;
		};
		0243A73D1AF057B80080EEA2 /* Sources */ = {
			isa = PBXSourcesBuildPhase;
			buildActionMask = 2147483647;
			files = (
				0217E5A81AF1A5AB006124A1 /* Images.xcassets in Sources */,
				02A3B23B1AF150EE0014956B /* MBProgressHUD.m in Sources */,
				02A3B2371AF14F690014956B /* OIAURLChecker.m in Sources */,
				02A3B1F91AF1444C0014956B /* lapi.c in Sources */,
				02A3B1FB1AF1444C0014956B /* lauxlib.c in Sources */,
				02A3B1FD1AF1444C0014956B /* lbaselib.c in Sources */,
				02A3B1FE1AF1444C0014956B /* lbitlib.c in Sources */,
				02A3B1FF1AF1444C0014956B /* lcode.c in Sources */,
				02A3B2011AF1444C0014956B /* lcorolib.c in Sources */,
				02A3B2021AF1444C0014956B /* lctype.c in Sources */,
				02A3B2041AF1444C0014956B /* ldblib.c in Sources */,
				02A3B2051AF1444C0014956B /* ldebug.c in Sources */,
				02A3B2071AF1444C0014956B /* ldo.c in Sources */,
				02A3B2091AF1444C0014956B /* ldump.c in Sources */,
				02A3B20C1AF1444C0014956B /* lfunc.c in Sources */,
				02A3B20E1AF1444C0014956B /* lgc.c in Sources */,
				02A3B2101AF1444C0014956B /* linit.c in Sources */,
				02A3B2121AF1444C0014956B /* llex.c in Sources */,
				02A3B2151AF1444C0014956B /* lmathlib.c in Sources */,
				02A3B2161AF1444C0014956B /* lmem.c in Sources */,
				02A3B2181AF1444C0014956B /* loadlib.c in Sources */,
				02A3B2191AF1444C0014956B /* lobject.c in Sources */,
				02A3B21B1AF1444C0014956B /* lopcodes.c in Sources */,
				02A3B21D1AF1444C0014956B /* loslib.c in Sources */,
				02A3B21E1AF1444C0014956B /* lparser.c in Sources */,
				02A3B2201AF1444C0014956B /* lstate.c in Sources */,
				02A3B2221AF1444C0014956B /* lstring.c in Sources */,
				02A3B2241AF1444C0014956B /* lstrlib.c in Sources */,
				02A3B2251AF1444C0014956B /* ltable.c in Sources */,
				02A3B2271AF1444C0014956B /* ltablib.c in Sources */,
				02A3B2281AF1444C0014956B /* ltm.c in Sources */,
				02A3B22E1AF1444C0014956B /* lundump.c in Sources */,
				02A3B2301AF1444C0014956B /* lvm.c in Sources */,
				02A3B2321AF1444C0014956B /* lzio.c in Sources */,
				02A3B1F71AF1443C0014956B /* OIAScripts.m in Sources */,
				02A3B1F81AF1443C0014956B /* OIALuaBinding.m in Sources */,
				0243A7471AF057B80080EEA2 /* ActionViewController.m in Sources */,
			);
			runOnlyForDeploymentPostprocessing = 0;
		};
/* End PBXSourcesBuildPhase section */

/* Begin PBXTargetDependency section */
		0243A71B1AF0574B0080EEA2 /* PBXTargetDependency */ = {
			isa = PBXTargetDependency;
			target = 0243A6FF1AF0574B0080EEA2 /* OpenInApp */;
			targetProxy = 0243A71A1AF0574B0080EEA2 /* PBXContainerItemProxy */;
		};
		0243A74B1AF057B80080EEA2 /* PBXTargetDependency */ = {
			isa = PBXTargetDependency;
			target = 0243A7401AF057B80080EEA2 /* OpenInAppActionExtension */;
			targetProxy = 0243A74A1AF057B80080EEA2 /* PBXContainerItemProxy */;
		};
/* End PBXTargetDependency section */

/* Begin PBXVariantGroup section */
		0243A7121AF0574B0080EEA2 /* LaunchScreen.xib */ = {
			isa = PBXVariantGroup;
			children = (
				0243A7131AF0574B0080EEA2 /* Base */,
			);
			name = LaunchScreen.xib;
			sourceTree = "<group>";
		};
		02F6E5261B267F2B0023AC22 /* 0.xib */ = {
			isa = PBXVariantGroup;
			children = (
				02F6E5271B267F2B0023AC22 /* Base */,
			);
			name = 0.xib;
			sourceTree = "<group>";
		};
		02F6E5281B267F2B0023AC22 /* 1.xib */ = {
			isa = PBXVariantGroup;
			children = (
				02F6E5291B267F2B0023AC22 /* Base */,
			);
			name = 1.xib;
			sourceTree = "<group>";
		};
		02F6E52A1B267F2B0023AC22 /* 2.xib */ = {
			isa = PBXVariantGroup;
			children = (
				02F6E52B1B267F2B0023AC22 /* Base */,
			);
			name = 2.xib;
			sourceTree = "<group>";
		};
		02F6E52C1B267F2B0023AC22 /* 3.xib */ = {
			isa = PBXVariantGroup;
			children = (
				02F6E52D1B267F2B0023AC22 /* Base */,
			);
			name = 3.xib;
			sourceTree = "<group>";
		};
		02F6E5321B267F6B0023AC22 /* Main.storyboard */ = {
			isa = PBXVariantGroup;
			children = (
				02F6E5331B267F6B0023AC22 /* Base */,
			);
			name = Main.storyboard;
			sourceTree = "<group>";
		};
/* End PBXVariantGroup section */

/* Begin XCBuildConfiguration section */
		0243A7211AF0574B0080EEA2 /* Debug */ = {
			isa = XCBuildConfiguration;
			buildSettings = {
				ALWAYS_SEARCH_USER_PATHS = NO;
				CLANG_CXX_LANGUAGE_STANDARD = "gnu++0x";
				CLANG_CXX_LIBRARY = "libc++";
				CLANG_ENABLE_MODULES = YES;
				CLANG_ENABLE_OBJC_ARC = YES;
				CLANG_WARN_BOOL_CONVERSION = YES;
				CLANG_WARN_CONSTANT_CONVERSION = YES;
				CLANG_WARN_DIRECT_OBJC_ISA_USAGE = YES_ERROR;
				CLANG_WARN_EMPTY_BODY = YES;
				CLANG_WARN_ENUM_CONVERSION = YES;
				CLANG_WARN_INT_CONVERSION = YES;
				CLANG_WARN_OBJC_ROOT_CLASS = YES_ERROR;
				CLANG_WARN_UNREACHABLE_CODE = YES;
				CLANG_WARN__DUPLICATE_METHOD_MATCH = YES;
				"CODE_SIGN_IDENTITY[sdk=iphoneos*]" = "iPhone Developer";
				COPY_PHASE_STRIP = NO;
				ENABLE_STRICT_OBJC_MSGSEND = YES;
				GCC_C_LANGUAGE_STANDARD = gnu99;
				GCC_DYNAMIC_NO_PIC = NO;
				GCC_OPTIMIZATION_LEVEL = 0;
				GCC_PREPROCESSOR_DEFINITIONS = (
					"DEBUG=1",
					"$(inherited)",
				);
				GCC_SYMBOLS_PRIVATE_EXTERN = NO;
				GCC_WARN_64_TO_32_BIT_CONVERSION = YES;
				GCC_WARN_ABOUT_RETURN_TYPE = YES_ERROR;
				GCC_WARN_UNDECLARED_SELECTOR = YES;
				GCC_WARN_UNINITIALIZED_AUTOS = YES_AGGRESSIVE;
				GCC_WARN_UNUSED_FUNCTION = YES;
				GCC_WARN_UNUSED_VARIABLE = YES;
				IPHONEOS_DEPLOYMENT_TARGET = 8.1;
				MTL_ENABLE_DEBUG_INFO = YES;
				ONLY_ACTIVE_ARCH = YES;
				SDKROOT = iphoneos;
				TARGETED_DEVICE_FAMILY = "1,2";
			};
			name = Debug;
		};
		0243A7221AF0574B0080EEA2 /* Release */ = {
			isa = XCBuildConfiguration;
			buildSettings = {
				ALWAYS_SEARCH_USER_PATHS = NO;
				CLANG_CXX_LANGUAGE_STANDARD = "gnu++0x";
				CLANG_CXX_LIBRARY = "libc++";
				CLANG_ENABLE_MODULES = YES;
				CLANG_ENABLE_OBJC_ARC = YES;
				CLANG_WARN_BOOL_CONVERSION = YES;
				CLANG_WARN_CONSTANT_CONVERSION = YES;
				CLANG_WARN_DIRECT_OBJC_ISA_USAGE = YES_ERROR;
				CLANG_WARN_EMPTY_BODY = YES;
				CLANG_WARN_ENUM_CONVERSION = YES;
				CLANG_WARN_INT_CONVERSION = YES;
				CLANG_WARN_OBJC_ROOT_CLASS = YES_ERROR;
				CLANG_WARN_UNREACHABLE_CODE = YES;
				CLANG_WARN__DUPLICATE_METHOD_MATCH = YES;
				"CODE_SIGN_IDENTITY[sdk=iphoneos*]" = "iPhone Developer";
				COPY_PHASE_STRIP = YES;
				ENABLE_NS_ASSERTIONS = NO;
				ENABLE_STRICT_OBJC_MSGSEND = YES;
				GCC_C_LANGUAGE_STANDARD = gnu99;
				GCC_WARN_64_TO_32_BIT_CONVERSION = YES;
				GCC_WARN_ABOUT_RETURN_TYPE = YES_ERROR;
				GCC_WARN_UNDECLARED_SELECTOR = YES;
				GCC_WARN_UNINITIALIZED_AUTOS = YES_AGGRESSIVE;
				GCC_WARN_UNUSED_FUNCTION = YES;
				GCC_WARN_UNUSED_VARIABLE = YES;
				IPHONEOS_DEPLOYMENT_TARGET = 8.1;
				MTL_ENABLE_DEBUG_INFO = NO;
				SDKROOT = iphoneos;
				TARGETED_DEVICE_FAMILY = "1,2";
				VALIDATE_PRODUCT = YES;
			};
			name = Release;
		};
		0243A7241AF0574B0080EEA2 /* Debug */ = {
			isa = XCBuildConfiguration;
			buildSettings = {
				ASSETCATALOG_COMPILER_APPICON_NAME = AppIcon;
				CLANG_ENABLE_MODULES = YES;
				CODE_SIGN_IDENTITY = "iPhone Developer";
				INFOPLIST_FILE = OpenInApp/Info.plist;
				LD_RUNPATH_SEARCH_PATHS = "$(inherited) @executable_path/Frameworks";
				PRODUCT_NAME = "$(TARGET_NAME)";
				SWIFT_OBJC_BRIDGING_HEADER = "OpenInApp-Bridging-Header.h";
				SWIFT_OPTIMIZATION_LEVEL = "-Onone";
			};
			name = Debug;
		};
		0243A7251AF0574B0080EEA2 /* Release */ = {
			isa = XCBuildConfiguration;
			buildSettings = {
				ASSETCATALOG_COMPILER_APPICON_NAME = AppIcon;
				CLANG_ENABLE_MODULES = YES;
				CODE_SIGN_IDENTITY = "iPhone Developer";
				INFOPLIST_FILE = OpenInApp/Info.plist;
				LD_RUNPATH_SEARCH_PATHS = "$(inherited) @executable_path/Frameworks";
				PRODUCT_NAME = "$(TARGET_NAME)";
				SWIFT_OBJC_BRIDGING_HEADER = "OpenInApp-Bridging-Header.h";
			};
			name = Release;
		};
		0243A7271AF0574B0080EEA2 /* Debug */ = {
			isa = XCBuildConfiguration;
			buildSettings = {
				BUNDLE_LOADER = "$(TEST_HOST)";
				FRAMEWORK_SEARCH_PATHS = (
					"$(SDKROOT)/Developer/Library/Frameworks",
					"$(inherited)",
				);
				GCC_PREPROCESSOR_DEFINITIONS = (
					"DEBUG=1",
					"$(inherited)",
				);
				INFOPLIST_FILE = OpenInAppTests/Info.plist;
				LD_RUNPATH_SEARCH_PATHS = "$(inherited) @executable_path/Frameworks @loader_path/Frameworks";
				PRODUCT_NAME = "$(TARGET_NAME)";
				TEST_HOST = "$(BUILT_PRODUCTS_DIR)/OpenInApp.app/OpenInApp";
			};
			name = Debug;
		};
		0243A7281AF0574B0080EEA2 /* Release */ = {
			isa = XCBuildConfiguration;
			buildSettings = {
				BUNDLE_LOADER = "$(TEST_HOST)";
				FRAMEWORK_SEARCH_PATHS = (
					"$(SDKROOT)/Developer/Library/Frameworks",
					"$(inherited)",
				);
				INFOPLIST_FILE = OpenInAppTests/Info.plist;
				LD_RUNPATH_SEARCH_PATHS = "$(inherited) @executable_path/Frameworks @loader_path/Frameworks";
				PRODUCT_NAME = "$(TARGET_NAME)";
				TEST_HOST = "$(BUILT_PRODUCTS_DIR)/OpenInApp.app/OpenInApp";
			};
			name = Release;
		};
		0243A74E1AF057B80080EEA2 /* Debug */ = {
			isa = XCBuildConfiguration;
			buildSettings = {
				ASSETCATALOG_COMPILER_APPICON_NAME = MonochromaticIcon;
				GCC_PREPROCESSOR_DEFINITIONS = (
					"DEBUG=1",
					"$(inherited)",
				);
				INFOPLIST_FILE = OpenInAppActionExtension/Info.plist;
				LD_RUNPATH_SEARCH_PATHS = "$(inherited) @executable_path/Frameworks @executable_path/../../Frameworks";
				PRODUCT_NAME = "$(TARGET_NAME)";
				SKIP_INSTALL = YES;
			};
			name = Debug;
		};
		0243A74F1AF057B80080EEA2 /* Release */ = {
			isa = XCBuildConfiguration;
			buildSettings = {
				ASSETCATALOG_COMPILER_APPICON_NAME = MonochromaticIcon;
				INFOPLIST_FILE = OpenInAppActionExtension/Info.plist;
				LD_RUNPATH_SEARCH_PATHS = "$(inherited) @executable_path/Frameworks @executable_path/../../Frameworks";
				PRODUCT_NAME = "$(TARGET_NAME)";
				SKIP_INSTALL = YES;
			};
			name = Release;
		};
/* End XCBuildConfiguration section */

/* Begin XCConfigurationList section */
		0243A6FB1AF0574B0080EEA2 /* Build configuration list for PBXProject "OpenInApp" */ = {
			isa = XCConfigurationList;
			buildConfigurations = (
				0243A7211AF0574B0080EEA2 /* Debug */,
				0243A7221AF0574B0080EEA2 /* Release */,
			);
			defaultConfigurationIsVisible = 0;
			defaultConfigurationName = Release;
		};
		0243A7231AF0574B0080EEA2 /* Build configuration list for PBXNativeTarget "OpenInApp" */ = {
			isa = XCConfigurationList;
			buildConfigurations = (
				0243A7241AF0574B0080EEA2 /* Debug */,
				0243A7251AF0574B0080EEA2 /* Release */,
			);
			defaultConfigurationIsVisible = 0;
			defaultConfigurationName = Release;
		};
		0243A7261AF0574B0080EEA2 /* Build configuration list for PBXNativeTarget "OpenInAppTests" */ = {
			isa = XCConfigurationList;
			buildConfigurations = (
				0243A7271AF0574B0080EEA2 /* Debug */,
				0243A7281AF0574B0080EEA2 /* Release */,
			);
			defaultConfigurationIsVisible = 0;
			defaultConfigurationName = Release;
		};
		0243A74D1AF057B80080EEA2 /* Build configuration list for PBXNativeTarget "OpenInAppActionExtension" */ = {
			isa = XCConfigurationList;
			buildConfigurations = (
				0243A74E1AF057B80080EEA2 /* Debug */,
				0243A74F1AF057B80080EEA2 /* Release */,
			);
			defaultConfigurationIsVisible = 0;
			defaultConfigurationName = Release;
		};
/* End XCConfigurationList section */
	};
	rootObject = 0243A6F81AF0574B0080EEA2 /* Project object */;
}
